
Microsoft Visual Studio Solution File, Format Version 12.00
Project("{2150E333-8FDC-42A3-9474-1A3956D46DE8}") = "src", "src", "{498427A2-28B0-42C9-B5FF-F33D995F0F21}"
EndProject
Project("{2150E333-8FDC-42A3-9474-1A3956D46DE8}") = "tests", "tests", "{C2C27E50-2D6B-4ED3-87CF-668D5062F67A}"
EndProject
Project("{FAE04EC0-301F-11D3-BF4B-00C04F79EFBC}") = "DessertsMakery.Persistence", "src\DessertsMakery.Persistence\DessertsMakery.Persistence.csproj", "{809E9EC5-E8DE-40A5-9324-74F05CA7E042}"
EndProject
Project("{FAE04EC0-301F-11D3-BF4B-00C04F79EFBC}") = "DessertsMakery.Contracts", "src\DessertsMakery.Contracts\DessertsMakery.Contracts.csproj", "{6F430590-A8E5-4637-B84B-0E75DBF3F1D0}"
EndProject
Project("{2150E333-8FDC-42A3-9474-1A3956D46DE8}") = "Telegram", "Telegram", "{76AAC6DC-67FC-4D4D-B243-ED2192EE68CE}"
EndProject
Project("{FAE04EC0-301F-11D3-BF4B-00C04F79EFBC}") = "DessertsMakery.Telegram.Worker", "src\Telegram\DessertsMakery.Telegram.Worker\DessertsMakery.Telegram.Worker.csproj", "{E18AA685-8BD4-4950-AA20-EB8DEA7BAE2C}"
EndProject
Project("{FAE04EC0-301F-11D3-BF4B-00C04F79EFBC}") = "DessertsMakery.Common", "src\DessertsMakery.Common\DessertsMakery.Common.csproj", "{896EDEA1-0C00-4A63-82EB-CEEADCDEB50F}"
EndProject
Global
	GlobalSection(SolutionConfigurationPlatforms) = preSolution
		Debug|Any CPU = Debug|Any CPU
		Release|Any CPU = Release|Any CPU
	EndGlobalSection
	GlobalSection(ProjectConfigurationPlatforms) = postSolution
		{809E9EC5-E8DE-40A5-9324-74F05CA7E042}.Debug|Any CPU.ActiveCfg = Debug|Any CPU
		{809E9EC5-E8DE-40A5-9324-74F05CA7E042}.Debug|Any CPU.Build.0 = Debug|Any CPU
		{809E9EC5-E8DE-40A5-9324-74F05CA7E042}.Release|Any CPU.ActiveCfg = Release|Any CPU
		{809E9EC5-E8DE-40A5-9324-74F05CA7E042}.Release|Any CPU.Build.0 = Release|Any CPU
		{6F430590-A8E5-4637-B84B-0E75DBF3F1D0}.Debug|Any CPU.ActiveCfg = Debug|Any CPU
		{6F430590-A8E5-4637-B84B-0E75DBF3F1D0}.Debug|Any CPU.Build.0 = Debug|Any CPU
		{6F430590-A8E5-4637-B84B-0E75DBF3F1D0}.Release|Any CPU.ActiveCfg = Release|Any CPU
		{6F430590-A8E5-4637-B84B-0E75DBF3F1D0}.Release|Any CPU.Build.0 = Release|Any CPU
		{E18AA685-8BD4-4950-AA20-EB8DEA7BAE2C}.Debug|Any CPU.ActiveCfg = Debug|Any CPU
		{E18AA685-8BD4-4950-AA20-EB8DEA7BAE2C}.Debug|Any CPU.Build.0 = Debug|Any CPU
		{E18AA685-8BD4-4950-AA20-EB8DEA7BAE2C}.Release|Any CPU.ActiveCfg = Release|Any CPU
		{E18AA685-8BD4-4950-AA20-EB8DEA7BAE2C}.Release|Any CPU.Build.0 = Release|Any CPU
		{896EDEA1-0C00-4A63-82EB-CEEADCDEB50F}.Debug|Any CPU.ActiveCfg = Debug|Any CPU
		{896EDEA1-0C00-4A63-82EB-CEEADCDEB50F}.Debug|Any CPU.Build.0 = Debug|Any CPU
		{896EDEA1-0C00-4A63-82EB-CEEADCDEB50F}.Release|Any CPU.ActiveCfg = Release|Any CPU
		{896EDEA1-0C00-4A63-82EB-CEEADCDEB50F}.Release|Any CPU.Build.0 = Release|Any CPU
	EndGlobalSection
	GlobalSection(NestedProjects) = preSolution
		{809E9EC5-E8DE-40A5-9324-74F05CA7E042} = {498427A2-28B0-42C9-B5FF-F33D995F0F21}
		{6F430590-A8E5-4637-B84B-0E75DBF3F1D0} = {498427A2-28B0-42C9-B5FF-F33D995F0F21}
		{76AAC6DC-67FC-4D4D-B243-ED2192EE68CE} = {498427A2-28B0-42C9-B5FF-F33D995F0F21}
		{E18AA685-8BD4-4950-AA20-EB8DEA7BAE2C} = {76AAC6DC-67FC-4D4D-B243-ED2192EE68CE}
		{896EDEA1-0C00-4A63-82EB-CEEADCDEB50F} = {498427A2-28B0-42C9-B5FF-F33D995F0F21}
	EndGlobalSection
EndGlobal
