
Microsoft Visual Studio Solution File, Format Version 12.00
Project("{FAE04EC0-301F-11D3-BF4B-00C04F79EFBC}") = "DessertsMakery.Persistence", "DessertsMakery.Persistence\DessertsMakery.Persistence.csproj", "{3386560B-F5E9-4540-ADF2-0FAA8DA5BDDB}"
EndProject
Global
	GlobalSection(SolutionConfigurationPlatforms) = preSolution
		Debug|Any CPU = Debug|Any CPU
		Release|Any CPU = Release|Any CPU
	EndGlobalSection
	GlobalSection(ProjectConfigurationPlatforms) = postSolution
		{3386560B-F5E9-4540-ADF2-0FAA8DA5BDDB}.Debug|Any CPU.ActiveCfg = Debug|Any CPU
		{3386560B-F5E9-4540-ADF2-0FAA8DA5BDDB}.Debug|Any CPU.Build.0 = Debug|Any CPU
		{3386560B-F5E9-4540-ADF2-0FAA8DA5BDDB}.Release|Any CPU.ActiveCfg = Release|Any CPU
		{3386560B-F5E9-4540-ADF2-0FAA8DA5BDDB}.Release|Any CPU.Build.0 = Release|Any CPU
	EndGlobalSection
EndGlobal
